# This file was autogenerated by Juvix version 0.6.3.
# Do not edit this file manually.

version: 2
checksum: 0f9ab7363c43bf8e9047e3e08bbaf482a0a75579cc49c0aaf8efbbfd48c975f5
dependencies:
- git:
    name: anoma_juvix-stdlib
    ref: 89a5960fb8a29291e9271986b98ca7b1edf4031b
    url: https://github.com/anoma/juvix-stdlib
  dependencies: []
- path: ../
  dependencies:
  - git:
      name: anoma_juvix-stdlib
      ref: 89a5960fb8a29291e9271986b98ca7b1edf4031b
      url: https://github.com/anoma/juvix-stdlib
    dependencies: []
- git:
    name: anoma_juvix-test
    ref: 4254b60351f283f31868498d4e238af8259243f8
    url: https://github.com/anoma/juvix-test
  dependencies:
  - git:
      name: anoma_juvix-stdlib
      ref: 89a5960fb8a29291e9271986b98ca7b1edf4031b
      url: https://github.com/anoma/juvix-stdlib
    dependencies: []
