# This file was autogenerated by Juvix version 0.6.5.
# Do not edit this file manually.

version: 2
checksum: f63de778142e7d4ae40060e30ce7e133abe661053c5674851c4be08576e000fc
dependencies:
- git:
    name: anoma_juvix-stdlib
    ref: 17a82dd466010b51924677b16a3f09a6c4c86a80
    url: https://github.com/anoma/juvix-stdlib
  dependencies: []
- path: ../
  dependencies:
  - git:
      name: anoma_juvix-stdlib
      ref: 17a82dd466010b51924677b16a3f09a6c4c86a80
      url: https://github.com/anoma/juvix-stdlib
    dependencies: []
- git:
    name: anoma_juvix-test
    ref: 12b72c6f91126f08e19ef183cc377bb86e629de9
    url: https://github.com/anoma/juvix-test
  dependencies:
  - git:
      name: anoma_juvix-stdlib
      ref: 17a82dd466010b51924677b16a3f09a6c4c86a80
      url: https://github.com/anoma/juvix-stdlib
    dependencies: []
- git:
    name: anoma_juvix-quickcheck
    ref: 72a517d5da0e9b8f0775fe5639094983916b8bd7
    url: https://github.com/anoma/juvix-quickcheck
  dependencies:
  - git:
      name: anoma_juvix-stdlib
      ref: 17a82dd466010b51924677b16a3f09a6c4c86a80
      url: https://github.com/anoma/juvix-stdlib
    dependencies: []
