# This file was autogenerated by Juvix version 0.6.5.
# Do not edit this file manually.

version: 2
checksum: 2bd62b79f2d679d8a211b1e1687bf7c6bb68ef74a675cc59a8a7b57683c9e9e4
dependencies:
- git:
    name: anoma_juvix-stdlib
    ref: 17a82dd466010b51924677b16a3f09a6c4c86a80
    url: https://github.com/anoma/juvix-stdlib
  dependencies: []
- path: ../
  dependencies:
  - git:
      name: anoma_juvix-stdlib
      ref: 17a82dd466010b51924677b16a3f09a6c4c86a80
      url: https://github.com/anoma/juvix-stdlib
    dependencies: []
- git:
    name: anoma_juvix-test
    ref: 12b72c6f91126f08e19ef183cc377bb86e629de9
    url: https://github.com/anoma/juvix-test
  dependencies:
  - git:
      name: anoma_juvix-stdlib
      ref: 17a82dd466010b51924677b16a3f09a6c4c86a80
      url: https://github.com/anoma/juvix-stdlib
    dependencies: []
