# This file was autogenerated by Juvix version 0.5.5.
# Do not edit this file manually.

version: 2
checksum: 45799d977fb2bb549f1a086955e085fa07741c3b081148e8a2bf260ff6e255d1
dependencies:
- path: .juvix-build/stdlib/
  dependencies: []
- git:
    name: anoma_juvix-containers
    ref: 471fa239827b57b22b008c33acc0fed90d129559
    url: https://github.com/anoma/juvix-containers
  dependencies:
  - git:
      name: anoma_juvix-stdlib
      ref: 183d4e9329a648b339ebecf2122b3e9621c99ee8
      url: https://github.com/anoma/juvix-stdlib
    dependencies: []
