# This file was autogenerated by Juvix version 0.6.6.
# Do not edit this file manually.

version: 2
checksum: b51efbed080eae8edb2a1d0be07f56480a0a79b9292294bcc4c4bbb0395824c0
dependencies:
- git:
    name: anoma_juvix-stdlib
    ref: 615a02c8107076ca9661c5234d41792be91a5104
    url: https://github.com/anoma/juvix-stdlib
  dependencies: []
