# This file was autogenerated by Juvix version 0.6.3.
# Do not edit this file manually.

version: 2
checksum: 5b176693b147e43a07d8f64f04a4b0a9938cb81120510cad0872842dd372b66b
dependencies:
- git:
    name: anoma_juvix-stdlib
    ref: 89a5960fb8a29291e9271986b98ca7b1edf4031b
    url: https://github.com/anoma/juvix-stdlib
  dependencies: []
