# This file was autogenerated by Juvix version 0.6.5.
# Do not edit this file manually.

version: 2
checksum: ce402bb09e1518f92cecc1212883b12ee6a9e96ba12973cf260578ac75eda4c8
dependencies:
- path: .juvix-build/stdlib/
  dependencies: []
- path: ../
  dependencies:
  - git:
      name: anoma_juvix-stdlib
      ref: 17a82dd466010b51924677b16a3f09a6c4c86a80
      url: https://github.com/anoma/juvix-stdlib
    dependencies: []
